
Microsoft Visual Studio Solution File, Format Version 12.00
# Visual Studio 15
VisualStudioVersion = 15.0.28307.271
MinimumVisualStudioVersion = 10.0.40219.1
Project("{FAE04EC0-301F-11D3-BF4B-00C04F79EFBC}") = "BotWeb", "BotWeb\BotWeb.csproj", "{24A5DDD1-CC39-44AE-AECA-FE9A7873816E}"
EndProject
Global
	GlobalSection(SolutionConfigurationPlatforms) = preSolution
		Debug|Any CPU = Debug|Any CPU
		Release|Any CPU = Release|Any CPU
	EndGlobalSection
	GlobalSection(ProjectConfigurationPlatforms) = postSolution
		{24A5DDD1-CC39-44AE-AECA-FE9A7873816E}.Debug|Any CPU.ActiveCfg = Debug|Any CPU
		{24A5DDD1-CC39-44AE-AECA-FE9A7873816E}.Debug|Any CPU.Build.0 = Debug|Any CPU
		{24A5DDD1-CC39-44AE-AECA-FE9A7873816E}.Release|Any CPU.ActiveCfg = Release|Any CPU
		{24A5DDD1-CC39-44AE-AECA-FE9A7873816E}.Release|Any CPU.Build.0 = Release|Any CPU
	EndGlobalSection
	GlobalSection(SolutionProperties) = preSolution
		HideSolutionNode = FALSE
	EndGlobalSection
	GlobalSection(ExtensibilityGlobals) = postSolution
		SolutionGuid = {52007913-6960-40D5-8AF9-22DEE0F942EE}
	EndGlobalSection
EndGlobal
